
Microsoft Visual Studio Solution File, Format Version 12.00
# Visual Studio Version 17
VisualStudioVersion = 17.14.36121.58 d17.14
MinimumVisualStudioVersion = 10.0.40219.1
Project("{FAE04EC0-301F-11D3-BF4B-00C04F79EFBC}") = "Exercise4", "Exercise4.csproj", "{9F4C8671-7646-4D5E-ADFC-816E5801A022}"
EndProject
Global
	GlobalSection(SolutionConfigurationPlatforms) = preSolution
		Debug|Any CPU = Debug|Any CPU
		Release|Any CPU = Release|Any CPU
	EndGlobalSection
	GlobalSection(ProjectConfigurationPlatforms) = postSolution
		{9F4C8671-7646-4D5E-ADFC-816E5801A022}.Debug|Any CPU.ActiveCfg = Debug|Any CPU
		{9F4C8671-7646-4D5E-ADFC-816E5801A022}.Debug|Any CPU.Build.0 = Debug|Any CPU
		{9F4C8671-7646-4D5E-ADFC-816E5801A022}.Release|Any CPU.ActiveCfg = Release|Any CPU
		{9F4C8671-7646-4D5E-ADFC-816E5801A022}.Release|Any CPU.Build.0 = Release|Any CPU
	EndGlobalSection
	GlobalSection(SolutionProperties) = preSolution
		HideSolutionNode = FALSE
	EndGlobalSection
	GlobalSection(ExtensibilityGlobals) = postSolution
		SolutionGuid = {18666257-1FE0-4B1B-BAB0-2B6AE1ACF272}
	EndGlobalSection
EndGlobal
